
Microsoft Visual Studio Solution File, Format Version 12.00
# Visual Studio Version 16
VisualStudioVersion = 16.0.29806.167
MinimumVisualStudioVersion = 10.0.40219.1
Project("{2150E333-8FDC-42A3-9474-1A3956D46DE8}") = "src", "src", "{BC661E6E-0092-4F8B-8840-483AFD50077B}"
EndProject
Project("{2150E333-8FDC-42A3-9474-1A3956D46DE8}") = "Building Blocks", "Building Blocks", "{BAE88F03-7AEF-4C1C-87D6-F0282134AF45}"
EndProject
Project("{2150E333-8FDC-42A3-9474-1A3956D46DE8}") = "Services", "Services", "{676EB193-345A-418A-B31E-8CFB7FFF517A}"
EndProject
Project("{2150E333-8FDC-42A3-9474-1A3956D46DE8}") = "Web", "Web", "{93A39EAC-0D22-4CD5-8C4F-AEEB90C3F296}"
EndProject
Project("{2150E333-8FDC-42A3-9474-1A3956D46DE8}") = "Identidade", "Identidade", "{63A4FB26-8BEE-4BF8-8708-625A1D473FD6}"
EndProject
Project("{9A19103F-16F7-4668-BE54-9A1E7A4F7556}") = "NSE.Identidade.API", "src\services\NSE.Identidade.API\NSE.Identidade.API.csproj", "{15CF78EC-55C4-4E65-9DA7-2DBD26D83B0E}"
EndProject
Project("{2150E333-8FDC-42A3-9474-1A3956D46DE8}") = "mvc", "mvc", "{3AB28FAA-4EDF-4843-BD38-BFFB59D80EBF}"
EndProject
Project("{9A19103F-16F7-4668-BE54-9A1E7A4F7556}") = "NSE.WebApp.MVC", "src\web\NSE.WebApp.MVC\NSE.WebApp.MVC.csproj", "{BD20EB3B-3D66-4E66-9F84-E261F2BF5240}"
EndProject
Project("{2150E333-8FDC-42A3-9474-1A3956D46DE8}") = "Core", "Core", "{CDA347C0-86C8-448C-8CD8-DDC9F1EE8832}"
EndProject
Project("{9A19103F-16F7-4668-BE54-9A1E7A4F7556}") = "NSE.Core", "src\building blocks\NSE.Core\NSE.Core.csproj", "{C0D75BD2-A29F-4024-A57C-E5BAD5249A71}"
EndProject
Project("{2150E333-8FDC-42A3-9474-1A3956D46DE8}") = "Carrinho", "Carrinho", "{835F369A-2758-450B-8085-D77F8525474E}"
EndProject
Project("{9A19103F-16F7-4668-BE54-9A1E7A4F7556}") = "NSE.Carrinho.API", "src\services\NSE.Carrinho.API\NSE.Carrinho.API.csproj", "{193A1047-4233-492A-BF9B-2A0B973355F2}"
EndProject
Project("{2150E333-8FDC-42A3-9474-1A3956D46DE8}") = "Catalogo", "Catalogo", "{55FA7242-61CE-4B5F-8FDC-294662F63EF0}"
EndProject
Project("{2150E333-8FDC-42A3-9474-1A3956D46DE8}") = "Cliente", "Cliente", "{69A480B7-36B5-4129-B83C-6660EE84666A}"
EndProject
Project("{2150E333-8FDC-42A3-9474-1A3956D46DE8}") = "Pagamento", "Pagamento", "{27608DFA-54D0-4375-8C19-93C500960D54}"
EndProject
Project("{2150E333-8FDC-42A3-9474-1A3956D46DE8}") = "Pedido", "Pedido", "{99488CD7-FB8B-46BB-A927-8B3EA2735138}"
EndProject
Project("{9A19103F-16F7-4668-BE54-9A1E7A4F7556}") = "NSE.Catalogo.API", "src\services\NSE.Catalogo.API\NSE.Catalogo.API.csproj", "{ED6FB260-8FCB-4986-A9A2-D95AC22B3251}"
EndProject
Project("{9A19103F-16F7-4668-BE54-9A1E7A4F7556}") = "NSE.Cliente.API", "src\services\NSE.Cliente.API\NSE.Cliente.API.csproj", "{FBCB2E88-4E17-402C-A6D7-8394573F302E}"
EndProject
Project("{9A19103F-16F7-4668-BE54-9A1E7A4F7556}") = "NSE.Pagamento.API", "src\services\NSE.Pagamento.API\NSE.Pagamento.API.csproj", "{F7C52DB8-DF4D-4A0F-A1ED-283A033FB2FF}"
EndProject
Project("{9A19103F-16F7-4668-BE54-9A1E7A4F7556}") = "NSE.Pedido.API", "src\services\NSE.Pedido.API\NSE.Pedido.API.csproj", "{A78B5D5E-E714-4B8D-9227-7AA4148A649B}"
EndProject
Project("{2150E333-8FDC-42A3-9474-1A3956D46DE8}") = "Services", "Services", "{D292DA55-9C90-474A-932F-7BD73C701D59}"
EndProject
Project("{FAE04EC0-301F-11D3-BF4B-00C04F79EFBC}") = "NSE.WebAPI.Core", "src\building blocks\NSE.WebAPI.Core\NSE.WebAPI.Core.csproj", "{DAA2A02B-760A-4789-8B11-651B16055991}"
EndProject
Global
	GlobalSection(SolutionConfigurationPlatforms) = preSolution
		Debug|Any CPU = Debug|Any CPU
		Release|Any CPU = Release|Any CPU
	EndGlobalSection
	GlobalSection(ProjectConfigurationPlatforms) = postSolution
		{15CF78EC-55C4-4E65-9DA7-2DBD26D83B0E}.Debug|Any CPU.ActiveCfg = Debug|Any CPU
		{15CF78EC-55C4-4E65-9DA7-2DBD26D83B0E}.Debug|Any CPU.Build.0 = Debug|Any CPU
		{15CF78EC-55C4-4E65-9DA7-2DBD26D83B0E}.Release|Any CPU.ActiveCfg = Release|Any CPU
		{15CF78EC-55C4-4E65-9DA7-2DBD26D83B0E}.Release|Any CPU.Build.0 = Release|Any CPU
		{BD20EB3B-3D66-4E66-9F84-E261F2BF5240}.Debug|Any CPU.ActiveCfg = Debug|Any CPU
		{BD20EB3B-3D66-4E66-9F84-E261F2BF5240}.Debug|Any CPU.Build.0 = Debug|Any CPU
		{BD20EB3B-3D66-4E66-9F84-E261F2BF5240}.Release|Any CPU.ActiveCfg = Release|Any CPU
		{BD20EB3B-3D66-4E66-9F84-E261F2BF5240}.Release|Any CPU.Build.0 = Release|Any CPU
		{C0D75BD2-A29F-4024-A57C-E5BAD5249A71}.Debug|Any CPU.ActiveCfg = Debug|Any CPU
		{C0D75BD2-A29F-4024-A57C-E5BAD5249A71}.Debug|Any CPU.Build.0 = Debug|Any CPU
		{C0D75BD2-A29F-4024-A57C-E5BAD5249A71}.Release|Any CPU.ActiveCfg = Release|Any CPU
		{C0D75BD2-A29F-4024-A57C-E5BAD5249A71}.Release|Any CPU.Build.0 = Release|Any CPU
		{193A1047-4233-492A-BF9B-2A0B973355F2}.Debug|Any CPU.ActiveCfg = Debug|Any CPU
		{193A1047-4233-492A-BF9B-2A0B973355F2}.Debug|Any CPU.Build.0 = Debug|Any CPU
		{193A1047-4233-492A-BF9B-2A0B973355F2}.Release|Any CPU.ActiveCfg = Release|Any CPU
		{193A1047-4233-492A-BF9B-2A0B973355F2}.Release|Any CPU.Build.0 = Release|Any CPU
		{ED6FB260-8FCB-4986-A9A2-D95AC22B3251}.Debug|Any CPU.ActiveCfg = Debug|Any CPU
		{ED6FB260-8FCB-4986-A9A2-D95AC22B3251}.Debug|Any CPU.Build.0 = Debug|Any CPU
		{ED6FB260-8FCB-4986-A9A2-D95AC22B3251}.Release|Any CPU.ActiveCfg = Release|Any CPU
		{ED6FB260-8FCB-4986-A9A2-D95AC22B3251}.Release|Any CPU.Build.0 = Release|Any CPU
		{FBCB2E88-4E17-402C-A6D7-8394573F302E}.Debug|Any CPU.ActiveCfg = Debug|Any CPU
		{FBCB2E88-4E17-402C-A6D7-8394573F302E}.Debug|Any CPU.Build.0 = Debug|Any CPU
		{FBCB2E88-4E17-402C-A6D7-8394573F302E}.Release|Any CPU.ActiveCfg = Release|Any CPU
		{FBCB2E88-4E17-402C-A6D7-8394573F302E}.Release|Any CPU.Build.0 = Release|Any CPU
		{F7C52DB8-DF4D-4A0F-A1ED-283A033FB2FF}.Debug|Any CPU.ActiveCfg = Debug|Any CPU
		{F7C52DB8-DF4D-4A0F-A1ED-283A033FB2FF}.Debug|Any CPU.Build.0 = Debug|Any CPU
		{F7C52DB8-DF4D-4A0F-A1ED-283A033FB2FF}.Release|Any CPU.ActiveCfg = Release|Any CPU
		{F7C52DB8-DF4D-4A0F-A1ED-283A033FB2FF}.Release|Any CPU.Build.0 = Release|Any CPU
		{A78B5D5E-E714-4B8D-9227-7AA4148A649B}.Debug|Any CPU.ActiveCfg = Debug|Any CPU
		{A78B5D5E-E714-4B8D-9227-7AA4148A649B}.Debug|Any CPU.Build.0 = Debug|Any CPU
		{A78B5D5E-E714-4B8D-9227-7AA4148A649B}.Release|Any CPU.ActiveCfg = Release|Any CPU
		{A78B5D5E-E714-4B8D-9227-7AA4148A649B}.Release|Any CPU.Build.0 = Release|Any CPU
		{DAA2A02B-760A-4789-8B11-651B16055991}.Debug|Any CPU.ActiveCfg = Debug|Any CPU
		{DAA2A02B-760A-4789-8B11-651B16055991}.Debug|Any CPU.Build.0 = Debug|Any CPU
		{DAA2A02B-760A-4789-8B11-651B16055991}.Release|Any CPU.ActiveCfg = Release|Any CPU
		{DAA2A02B-760A-4789-8B11-651B16055991}.Release|Any CPU.Build.0 = Release|Any CPU
	EndGlobalSection
	GlobalSection(SolutionProperties) = preSolution
		HideSolutionNode = FALSE
	EndGlobalSection
	GlobalSection(NestedProjects) = preSolution
		{BAE88F03-7AEF-4C1C-87D6-F0282134AF45} = {BC661E6E-0092-4F8B-8840-483AFD50077B}
		{676EB193-345A-418A-B31E-8CFB7FFF517A} = {BC661E6E-0092-4F8B-8840-483AFD50077B}
		{93A39EAC-0D22-4CD5-8C4F-AEEB90C3F296} = {BC661E6E-0092-4F8B-8840-483AFD50077B}
		{63A4FB26-8BEE-4BF8-8708-625A1D473FD6} = {676EB193-345A-418A-B31E-8CFB7FFF517A}
		{15CF78EC-55C4-4E65-9DA7-2DBD26D83B0E} = {63A4FB26-8BEE-4BF8-8708-625A1D473FD6}
		{3AB28FAA-4EDF-4843-BD38-BFFB59D80EBF} = {93A39EAC-0D22-4CD5-8C4F-AEEB90C3F296}
		{BD20EB3B-3D66-4E66-9F84-E261F2BF5240} = {3AB28FAA-4EDF-4843-BD38-BFFB59D80EBF}
		{CDA347C0-86C8-448C-8CD8-DDC9F1EE8832} = {BAE88F03-7AEF-4C1C-87D6-F0282134AF45}
		{C0D75BD2-A29F-4024-A57C-E5BAD5249A71} = {CDA347C0-86C8-448C-8CD8-DDC9F1EE8832}
		{835F369A-2758-450B-8085-D77F8525474E} = {676EB193-345A-418A-B31E-8CFB7FFF517A}
		{193A1047-4233-492A-BF9B-2A0B973355F2} = {835F369A-2758-450B-8085-D77F8525474E}
		{55FA7242-61CE-4B5F-8FDC-294662F63EF0} = {676EB193-345A-418A-B31E-8CFB7FFF517A}
		{69A480B7-36B5-4129-B83C-6660EE84666A} = {676EB193-345A-418A-B31E-8CFB7FFF517A}
		{27608DFA-54D0-4375-8C19-93C500960D54} = {676EB193-345A-418A-B31E-8CFB7FFF517A}
		{99488CD7-FB8B-46BB-A927-8B3EA2735138} = {676EB193-345A-418A-B31E-8CFB7FFF517A}
		{ED6FB260-8FCB-4986-A9A2-D95AC22B3251} = {55FA7242-61CE-4B5F-8FDC-294662F63EF0}
		{FBCB2E88-4E17-402C-A6D7-8394573F302E} = {69A480B7-36B5-4129-B83C-6660EE84666A}
		{F7C52DB8-DF4D-4A0F-A1ED-283A033FB2FF} = {27608DFA-54D0-4375-8C19-93C500960D54}
		{A78B5D5E-E714-4B8D-9227-7AA4148A649B} = {99488CD7-FB8B-46BB-A927-8B3EA2735138}
		{D292DA55-9C90-474A-932F-7BD73C701D59} = {BAE88F03-7AEF-4C1C-87D6-F0282134AF45}
		{DAA2A02B-760A-4789-8B11-651B16055991} = {D292DA55-9C90-474A-932F-7BD73C701D59}
	EndGlobalSection
	GlobalSection(ExtensibilityGlobals) = postSolution
		SolutionGuid = {8BD44A45-CE86-4B59-ABA9-57FCB9D59135}
	EndGlobalSection
EndGlobal
